// !$*UTF8*$!
{
	archiveVersion = 1;
	classes = {
	};
	objectVersion = 46;
	objects = {

/* Begin PBXBuildFile section */
		1B74EE591BAD9B330042A962 /* AppDelegate.swift in Sources */ = {isa = PBXBuildFile; fileRef = 1B74EE581BAD9B330042A962 /* AppDelegate.swift */; };
		1B74EE5C1BAD9B330042A962 /* deliver.xcdatamodeld in Sources */ = {isa = PBXBuildFile; fileRef = 1B74EE5A1BAD9B330042A962 /* deliver.xcdatamodeld */; };
		1B74EE5E1BAD9B330042A962 /* RegisterView.swift in Sources */ = {isa = PBXBuildFile; fileRef = 1B74EE5D1BAD9B330042A962 /* RegisterView.swift */; };
		1B74EE611BAD9B330042A962 /* Main.storyboard in Resources */ = {isa = PBXBuildFile; fileRef = 1B74EE5F1BAD9B330042A962 /* Main.storyboard */; };
		1B74EE631BAD9B330042A962 /* Images.xcassets in Resources */ = {isa = PBXBuildFile; fileRef = 1B74EE621BAD9B330042A962 /* Images.xcassets */; };
		1B74EE661BAD9B330042A962 /* LaunchScreen.xib in Resources */ = {isa = PBXBuildFile; fileRef = 1B74EE641BAD9B330042A962 /* LaunchScreen.xib */; };
		1B74EE721BAD9B330042A962 /* deliverTests.swift in Sources */ = {isa = PBXBuildFile; fileRef = 1B74EE711BAD9B330042A962 /* deliverTests.swift */; };
		1B74EE7F1BADA2540042A962 /* Prefrences.swift in Sources */ = {isa = PBXBuildFile; fileRef = 1B74EE7E1BADA2540042A962 /* Prefrences.swift */; };
		1BD7C92D1BB6F26700E40BF8 /* SetProfile.swift in Sources */ = {isa = PBXBuildFile; fileRef = 1BD7C92C1BB6F26700E40BF8 /* SetProfile.swift */; };
		1BE8C4901BB06A410026D6D4 /* SelectCountryCode.swift in Sources */ = {isa = PBXBuildFile; fileRef = 1BE8C48F1BB06A410026D6D4 /* SelectCountryCode.swift */; };
		1BE8C4921BB06EF10026D6D4 /* CountryList.plist in Resources */ = {isa = PBXBuildFile; fileRef = 1BE8C4911BB06EF10026D6D4 /* CountryList.plist */; };
/* End PBXBuildFile section */

/* Begin PBXContainerItemProxy section */
		1B74EE6C1BAD9B330042A962 /* PBXContainerItemProxy */ = {
			isa = PBXContainerItemProxy;
			containerPortal = 1B74EE4B1BAD9B330042A962 /* Project object */;
			proxyType = 1;
			remoteGlobalIDString = 1B74EE521BAD9B330042A962;
			remoteInfo = deliver;
		};
/* End PBXContainerItemProxy section */

/* Begin PBXFileReference section */
		1B74EE531BAD9B330042A962 /* deliver.app */ = {isa = PBXFileReference; explicitFileType = wrapper.application; includeInIndex = 0; path = deliver.app; sourceTree = BUILT_PRODUCTS_DIR; };
		1B74EE571BAD9B330042A962 /* Info.plist */ = {isa = PBXFileReference; lastKnownFileType = text.plist.xml; path = Info.plist; sourceTree = "<group>"; };
		1B74EE581BAD9B330042A962 /* AppDelegate.swift */ = {isa = PBXFileReference; lastKnownFileType = sourcecode.swift; path = AppDelegate.swift; sourceTree = "<group>"; };
		1B74EE5B1BAD9B330042A962 /* deliver.xcdatamodel */ = {isa = PBXFileReference; lastKnownFileType = wrapper.xcdatamodel; path = deliver.xcdatamodel; sourceTree = "<group>"; };
		1B74EE5D1BAD9B330042A962 /* RegisterView.swift */ = {isa = PBXFileReference; lastKnownFileType = sourcecode.swift; path = RegisterView.swift; sourceTree = "<group>"; };
		1B74EE601BAD9B330042A962 /* Base */ = {isa = PBXFileReference; lastKnownFileType = file.storyboard; name = Base; path = Base.lproj/Main.storyboard; sourceTree = "<group>"; };
		1B74EE621BAD9B330042A962 /* Images.xcassets */ = {isa = PBXFileReference; lastKnownFileType = folder.assetcatalog; path = Images.xcassets; sourceTree = "<group>"; };
		1B74EE651BAD9B330042A962 /* Base */ = {isa = PBXFileReference; lastKnownFileType = file.xib; name = Base; path = Base.lproj/LaunchScreen.xib; sourceTree = "<group>"; };
		1B74EE6B1BAD9B330042A962 /* deliverTests.xctest */ = {isa = PBXFileReference; explicitFileType = wrapper.cfbundle; includeInIndex = 0; path = deliverTests.xctest; sourceTree = BUILT_PRODUCTS_DIR; };
		1B74EE701BAD9B330042A962 /* Info.plist */ = {isa = PBXFileReference; lastKnownFileType = text.plist.xml; path = Info.plist; sourceTree = "<group>"; };
		1B74EE711BAD9B330042A962 /* deliverTests.swift */ = {isa = PBXFileReference; lastKnownFileType = sourcecode.swift; path = deliverTests.swift; sourceTree = "<group>"; };
		1B74EE7E1BADA2540042A962 /* Prefrences.swift */ = {isa = PBXFileReference; fileEncoding = 4; lastKnownFileType = sourcecode.swift; path = Prefrences.swift; sourceTree = "<group>"; };
		1BD7C92C1BB6F26700E40BF8 /* SetProfile.swift */ = {isa = PBXFileReference; fileEncoding = 4; lastKnownFileType = sourcecode.swift; path = SetProfile.swift; sourceTree = "<group>"; };
		1BE8C48F1BB06A410026D6D4 /* SelectCountryCode.swift */ = {isa = PBXFileReference; fileEncoding = 4; lastKnownFileType = sourcecode.swift; path = SelectCountryCode.swift; sourceTree = "<group>"; };
		1BE8C4911BB06EF10026D6D4 /* CountryList.plist */ = {isa = PBXFileReference; fileEncoding = 4; lastKnownFileType = text.plist.xml; name = CountryList.plist; path = deliver/CountryList.plist; sourceTree = "<group>"; };
/* End PBXFileReference section */

/* Begin PBXFrameworksBuildPhase section */
		1B74EE501BAD9B330042A962 /* Frameworks */ = {
			isa = PBXFrameworksBuildPhase;
			buildActionMask = 2147483647;
			files = (
			);
			runOnlyForDeploymentPostprocessing = 0;
		};
		1B74EE681BAD9B330042A962 /* Frameworks */ = {
			isa = PBXFrameworksBuildPhase;
			buildActionMask = 2147483647;
			files = (
			);
			runOnlyForDeploymentPostprocessing = 0;
		};
/* End PBXFrameworksBuildPhase section */

/* Begin PBXGroup section */
		1B74EE4A1BAD9B330042A962 = {
			isa = PBXGroup;
			children = (
				1B74EE551BAD9B330042A962 /* deliver */,
				1B74EE6E1BAD9B330042A962 /* deliverTests */,
				1B74EE541BAD9B330042A962 /* Products */,
			);
			sourceTree = "<group>";
		};
		1B74EE541BAD9B330042A962 /* Products */ = {
			isa = PBXGroup;
			children = (
				1B74EE531BAD9B330042A962 /* deliver.app */,
				1B74EE6B1BAD9B330042A962 /* deliverTests.xctest */,
			);
			name = Products;
			sourceTree = "<group>";
		};
		1B74EE551BAD9B330042A962 /* deliver */ = {
			isa = PBXGroup;
			children = (
				1BD7C9211BB6820800E40BF8 /* View Controllers */,
				1B74EE7D1BADA2350042A962 /* Database */,
				1B74EE581BAD9B330042A962 /* AppDelegate.swift */,
				1B74EE5F1BAD9B330042A962 /* Main.storyboard */,
				1B74EE621BAD9B330042A962 /* Images.xcassets */,
				1B74EE641BAD9B330042A962 /* LaunchScreen.xib */,
				1B74EE5A1BAD9B330042A962 /* deliver.xcdatamodeld */,
				1B74EE561BAD9B330042A962 /* Supporting Files */,
			);
			path = deliver;
			sourceTree = "<group>";
		};
		1B74EE561BAD9B330042A962 /* Supporting Files */ = {
			isa = PBXGroup;
			children = (
				1B74EE571BAD9B330042A962 /* Info.plist */,
			);
			name = "Supporting Files";
			sourceTree = "<group>";
		};
		1B74EE6E1BAD9B330042A962 /* deliverTests */ = {
			isa = PBXGroup;
			children = (
				1B74EE711BAD9B330042A962 /* deliverTests.swift */,
				1B74EE6F1BAD9B330042A962 /* Supporting Files */,
			);
			path = deliverTests;
			sourceTree = "<group>";
		};
		1B74EE6F1BAD9B330042A962 /* Supporting Files */ = {
			isa = PBXGroup;
			children = (
				1B74EE701BAD9B330042A962 /* Info.plist */,
			);
			name = "Supporting Files";
			sourceTree = "<group>";
		};
		1B74EE7D1BADA2350042A962 /* Database */ = {
			isa = PBXGroup;
			children = (
				1BE8C4911BB06EF10026D6D4 /* CountryList.plist */,
				1B74EE7E1BADA2540042A962 /* Prefrences.swift */,
			);
			name = Database;
			path = ..;
			sourceTree = "<group>";
		};
		1BD7C9211BB6820800E40BF8 /* View Controllers */ = {
			isa = PBXGroup;
			children = (
				1BD7C92C1BB6F26700E40BF8 /* SetProfile.swift */,
				1BE8C48F1BB06A410026D6D4 /* SelectCountryCode.swift */,
				1B74EE5D1BAD9B330042A962 /* RegisterView.swift */,
			);
			name = "View Controllers";
			sourceTree = "<group>";
		};
/* End PBXGroup section */

/* Begin PBXNativeTarget section */
		1B74EE521BAD9B330042A962 /* deliver */ = {
			isa = PBXNativeTarget;
			buildConfigurationList = 1B74EE751BAD9B330042A962 /* Build configuration list for PBXNativeTarget "deliver" */;
			buildPhases = (
				1B74EE4F1BAD9B330042A962 /* Sources */,
				1B74EE501BAD9B330042A962 /* Frameworks */,
				1B74EE511BAD9B330042A962 /* Resources */,
			);
			buildRules = (
			);
			dependencies = (
			);
			name = deliver;
			productName = deliver;
			productReference = 1B74EE531BAD9B330042A962 /* deliver.app */;
			productType = "com.apple.product-type.application";
		};
		1B74EE6A1BAD9B330042A962 /* deliverTests */ = {
			isa = PBXNativeTarget;
			buildConfigurationList = 1B74EE781BAD9B330042A962 /* Build configuration list for PBXNativeTarget "deliverTests" */;
			buildPhases = (
				1B74EE671BAD9B330042A962 /* Sources */,
				1B74EE681BAD9B330042A962 /* Frameworks */,
				1B74EE691BAD9B330042A962 /* Resources */,
			);
			buildRules = (
			);
			dependencies = (
				1B74EE6D1BAD9B330042A962 /* PBXTargetDependency */,
			);
			name = deliverTests;
			productName = deliverTests;
			productReference = 1B74EE6B1BAD9B330042A962 /* deliverTests.xctest */;
			productType = "com.apple.product-type.bundle.unit-test";
		};
/* End PBXNativeTarget section */

/* Begin PBXProject section */
		1B74EE4B1BAD9B330042A962 /* Project object */ = {
			isa = PBXProject;
			attributes = {
				LastUpgradeCheck = 0640;
				ORGANIZATIONNAME = JASPRET;
				TargetAttributes = {
					1B74EE521BAD9B330042A962 = {
						CreatedOnToolsVersion = 6.4;
					};
					1B74EE6A1BAD9B330042A962 = {
						CreatedOnToolsVersion = 6.4;
						TestTargetID = 1B74EE521BAD9B330042A962;
					};
				};
			};
			buildConfigurationList = 1B74EE4E1BAD9B330042A962 /* Build configuration list for PBXProject "deliver" */;
			compatibilityVersion = "Xcode 3.2";
			developmentRegion = English;
			hasScannedForEncodings = 0;
			knownRegions = (
				en,
				Base,
			);
			mainGroup = 1B74EE4A1BAD9B330042A962;
			productRefGroup = 1B74EE541BAD9B330042A962 /* Products */;
			projectDirPath = "";
			projectRoot = "";
			targets = (
				1B74EE521BAD9B330042A962 /* deliver */,
				1B74EE6A1BAD9B330042A962 /* deliverTests */,
			);
		};
/* End PBXProject section */

/* Begin PBXResourcesBuildPhase section */
		1B74EE511BAD9B330042A962 /* Resources */ = {
			isa = PBXResourcesBuildPhase;
			buildActionMask = 2147483647;
			files = (
				1B74EE611BAD9B330042A962 /* Main.storyboard in Resources */,
				1BE8C4921BB06EF10026D6D4 /* CountryList.plist in Resources */,
				1B74EE661BAD9B330042A962 /* LaunchScreen.xib in Resources */,
				1B74EE631BAD9B330042A962 /* Images.xcassets in Resources */,
			);
			runOnlyForDeploymentPostprocessing = 0;
		};
		1B74EE691BAD9B330042A962 /* Resources */ = {
			isa = PBXResourcesBuildPhase;
			buildActionMask = 2147483647;
			files = (
			);
			runOnlyForDeploymentPostprocessing = 0;
		};
/* End PBXResourcesBuildPhase section */

/* Begin PBXSourcesBuildPhase section */
		1B74EE4F1BAD9B330042A962 /* Sources */ = {
			isa = PBXSourcesBuildPhase;
			buildActionMask = 2147483647;
			files = (
				1B74EE7F1BADA2540042A962 /* Prefrences.swift in Sources */,
				1B74EE5E1BAD9B330042A962 /* RegisterView.swift in Sources */,
				1BD7C92D1BB6F26700E40BF8 /* SetProfile.swift in Sources */,
				1B74EE591BAD9B330042A962 /* AppDelegate.swift in Sources */,
				1B74EE5C1BAD9B330042A962 /* deliver.xcdatamodeld in Sources */,
				1BE8C4901BB06A410026D6D4 /* SelectCountryCode.swift in Sources */,
			);
			runOnlyForDeploymentPostprocessing = 0;
		};
		1B74EE671BAD9B330042A962 /* Sources */ = {
			isa = PBXSourcesBuildPhase;
			buildActionMask = 2147483647;
			files = (
				1B74EE721BAD9B330042A962 /* deliverTests.swift in Sources */,
			);
			runOnlyForDeploymentPostprocessing = 0;
		};
/* End PBXSourcesBuildPhase section */

/* Begin PBXTargetDependency section */
		1B74EE6D1BAD9B330042A962 /* PBXTargetDependency */ = {
			isa = PBXTargetDependency;
			target = 1B74EE521BAD9B330042A962 /* deliver */;
			targetProxy = 1B74EE6C1BAD9B330042A962 /* PBXContainerItemProxy */;
		};
/* End PBXTargetDependency section */

/* Begin PBXVariantGroup section */
		1B74EE5F1BAD9B330042A962 /* Main.storyboard */ = {
			isa = PBXVariantGroup;
			children = (
				1B74EE601BAD9B330042A962 /* Base */,
			);
			name = Main.storyboard;
			sourceTree = "<group>";
		};
		1B74EE641BAD9B330042A962 /* LaunchScreen.xib */ = {
			isa = PBXVariantGroup;
			children = (
				1B74EE651BAD9B330042A962 /* Base */,
			);
			name = LaunchScreen.xib;
			sourceTree = "<group>";
		};
/* End PBXVariantGroup section */

/* Begin XCBuildConfiguration section */
		1B74EE731BAD9B330042A962 /* Debug */ = {
			isa = XCBuildConfiguration;
			buildSettings = {
				ALWAYS_SEARCH_USER_PATHS = NO;
				CLANG_CXX_LANGUAGE_STANDARD = "gnu++0x";
				CLANG_CXX_LIBRARY = "libc++";
				CLANG_ENABLE_MODULES = YES;
				CLANG_ENABLE_OBJC_ARC = YES;
				CLANG_WARN_BOOL_CONVERSION = YES;
				CLANG_WARN_CONSTANT_CONVERSION = YES;
				CLANG_WARN_DIRECT_OBJC_ISA_USAGE = YES_ERROR;
				CLANG_WARN_EMPTY_BODY = YES;
				CLANG_WARN_ENUM_CONVERSION = YES;
				CLANG_WARN_INT_CONVERSION = YES;
				CLANG_WARN_OBJC_ROOT_CLASS = YES_ERROR;
				CLANG_WARN_UNREACHABLE_CODE = YES;
				CLANG_WARN__DUPLICATE_METHOD_MATCH = YES;
				"CODE_SIGN_IDENTITY[sdk=iphoneos*]" = "iPhone Developer";
				COPY_PHASE_STRIP = NO;
				DEBUG_INFORMATION_FORMAT = "dwarf-with-dsym";
				ENABLE_STRICT_OBJC_MSGSEND = YES;
				GCC_C_LANGUAGE_STANDARD = gnu99;
				GCC_DYNAMIC_NO_PIC = NO;
				GCC_NO_COMMON_BLOCKS = YES;
				GCC_OPTIMIZATION_LEVEL = 0;
				GCC_PREPROCESSOR_DEFINITIONS = (
					"DEBUG=1",
					"$(inherited)",
				);
				GCC_SYMBOLS_PRIVATE_EXTERN = NO;
				GCC_WARN_64_TO_32_BIT_CONVERSION = YES;
				GCC_WARN_ABOUT_RETURN_TYPE = YES_ERROR;
				GCC_WARN_UNDECLARED_SELECTOR = YES;
				GCC_WARN_UNINITIALIZED_AUTOS = YES_AGGRESSIVE;
				GCC_WARN_UNUSED_FUNCTION = YES;
				GCC_WARN_UNUSED_VARIABLE = YES;
				IPHONEOS_DEPLOYMENT_TARGET = 8.4;
				MTL_ENABLE_DEBUG_INFO = YES;
				ONLY_ACTIVE_ARCH = YES;
				SDKROOT = iphoneos;
				SWIFT_OPTIMIZATION_LEVEL = "-Onone";
			};
			name = Debug;
		};
		1B74EE741BAD9B330042A962 /* Release */ = {
			isa = XCBuildConfiguration;
			buildSettings = {
				ALWAYS_SEARCH_USER_PATHS = NO;
				CLANG_CXX_LANGUAGE_STANDARD = "gnu++0x";
				CLANG_CXX_LIBRARY = "libc++";
				CLANG_ENABLE_MODULES = YES;
				CLANG_ENABLE_OBJC_ARC = YES;
				CLANG_WARN_BOOL_CONVERSION = YES;
				CLANG_WARN_CONSTANT_CONVERSION = YES;
				CLANG_WARN_DIRECT_OBJC_ISA_USAGE = YES_ERROR;
				CLANG_WARN_EMPTY_BODY = YES;
				CLANG_WARN_ENUM_CONVERSION = YES;
				CLANG_WARN_INT_CONVERSION = YES;
				CLANG_WARN_OBJC_ROOT_CLASS = YES_ERROR;
				CLANG_WARN_UNREACHABLE_CODE = YES;
				CLANG_WARN__DUPLICATE_METHOD_MATCH = YES;
				"CODE_SIGN_IDENTITY[sdk=iphoneos*]" = "iPhone Developer";
				COPY_PHASE_STRIP = NO;
				DEBUG_INFORMATION_FORMAT = "dwarf-with-dsym";
				ENABLE_NS_ASSERTIONS = NO;
				ENABLE_STRICT_OBJC_MSGSEND = YES;
				GCC_C_LANGUAGE_STANDARD = gnu99;
				GCC_NO_COMMON_BLOCKS = YES;
				GCC_WARN_64_TO_32_BIT_CONVERSION = YES;
				GCC_WARN_ABOUT_RETURN_TYPE = YES_ERROR;
				GCC_WARN_UNDECLARED_SELECTOR = YES;
				GCC_WARN_UNINITIALIZED_AUTOS = YES_AGGRESSIVE;
				GCC_WARN_UNUSED_FUNCTION = YES;
				GCC_WARN_UNUSED_VARIABLE = YES;
				IPHONEOS_DEPLOYMENT_TARGET = 8.4;
				MTL_ENABLE_DEBUG_INFO = NO;
				SDKROOT = iphoneos;
				VALIDATE_PRODUCT = YES;
			};
			name = Release;
		};
		1B74EE761BAD9B330042A962 /* Debug */ = {
			isa = XCBuildConfiguration;
			buildSettings = {
				ASSETCATALOG_COMPILER_APPICON_NAME = AppIcon;
				INFOPLIST_FILE = deliver/Info.plist;
				LD_RUNPATH_SEARCH_PATHS = "$(inherited) @executable_path/Frameworks";
				PRODUCT_NAME = "$(TARGET_NAME)";
			};
			name = Debug;
		};
		1B74EE771BAD9B330042A962 /* Release */ = {
			isa = XCBuildConfiguration;
			buildSettings = {
				ASSETCATALOG_COMPILER_APPICON_NAME = AppIcon;
				INFOPLIST_FILE = deliver/Info.plist;
				LD_RUNPATH_SEARCH_PATHS = "$(inherited) @executable_path/Frameworks";
				PRODUCT_NAME = "$(TARGET_NAME)";
			};
			name = Release;
		};
		1B74EE791BAD9B330042A962 /* Debug */ = {
			isa = XCBuildConfiguration;
			buildSettings = {
				BUNDLE_LOADER = "$(TEST_HOST)";
				FRAMEWORK_SEARCH_PATHS = (
					"$(SDKROOT)/Developer/Library/Frameworks",
					"$(inherited)",
				);
				GCC_PREPROCESSOR_DEFINITIONS = (
					"DEBUG=1",
					"$(inherited)",
				);
				INFOPLIST_FILE = deliverTests/Info.plist;
				LD_RUNPATH_SEARCH_PATHS = "$(inherited) @executable_path/Frameworks @loader_path/Frameworks";
				PRODUCT_NAME = "$(TARGET_NAME)";
				TEST_HOST = "$(BUILT_PRODUCTS_DIR)/deliver.app/deliver";
			};
			name = Debug;
		};
		1B74EE7A1BAD9B330042A962 /* Release */ = {
			isa = XCBuildConfiguration;
			buildSettings = {
				BUNDLE_LOADER = "$(TEST_HOST)";
				FRAMEWORK_SEARCH_PATHS = (
					"$(SDKROOT)/Developer/Library/Frameworks",
					"$(inherited)",
				);
				INFOPLIST_FILE = deliverTests/Info.plist;
				LD_RUNPATH_SEARCH_PATHS = "$(inherited) @executable_path/Frameworks @loader_path/Frameworks";
				PRODUCT_NAME = "$(TARGET_NAME)";
				TEST_HOST = "$(BUILT_PRODUCTS_DIR)/deliver.app/deliver";
			};
			name = Release;
		};
/* End XCBuildConfiguration section */

/* Begin XCConfigurationList section */
		1B74EE4E1BAD9B330042A962 /* Build configuration list for PBXProject "deliver" */ = {
			isa = XCConfigurationList;
			buildConfigurations = (
				1B74EE731BAD9B330042A962 /* Debug */,
				1B74EE741BAD9B330042A962 /* Release */,
			);
			defaultConfigurationIsVisible = 0;
			defaultConfigurationName = Release;
		};
		1B74EE751BAD9B330042A962 /* Build configuration list for PBXNativeTarget "deliver" */ = {
			isa = XCConfigurationList;
			buildConfigurations = (
				1B74EE761BAD9B330042A962 /* Debug */,
				1B74EE771BAD9B330042A962 /* Release */,
			);
			defaultConfigurationIsVisible = 0;
			defaultConfigurationName = Release;
		};
		1B74EE781BAD9B330042A962 /* Build configuration list for PBXNativeTarget "deliverTests" */ = {
			isa = XCConfigurationList;
			buildConfigurations = (
				1B74EE791BAD9B330042A962 /* Debug */,
				1B74EE7A1BAD9B330042A962 /* Release */,
			);
			defaultConfigurationIsVisible = 0;
			defaultConfigurationName = Release;
		};
/* End XCConfigurationList section */

/* Begin XCVersionGroup section */
		1B74EE5A1BAD9B330042A962 /* deliver.xcdatamodeld */ = {
			isa = XCVersionGroup;
			children = (
				1B74EE5B1BAD9B330042A962 /* deliver.xcdatamodel */,
			);
			currentVersion = 1B74EE5B1BAD9B330042A962 /* deliver.xcdatamodel */;
			path = deliver.xcdatamodeld;
			sourceTree = "<group>";
			versionGroupType = wrapper.xcdatamodel;
		};
/* End XCVersionGroup section */
	};
	rootObject = 1B74EE4B1BAD9B330042A962 /* Project object */;
}
